
Microsoft Visual Studio Solution File, Format Version 12.00
# Visual Studio Version 16
VisualStudioVersion = 16.0.30804.86
MinimumVisualStudioVersion = 10.0.40219.1
Project("{FAE04EC0-301F-11D3-BF4B-00C04F79EFBC}") = "FinalTask", "FinalTask\FinalTask.csproj", "{532414CD-E4B7-4D4C-8756-C0890C245451}"
EndProject
Global
	GlobalSection(SolutionConfigurationPlatforms) = preSolution
		Debug|Any CPU = Debug|Any CPU
		Release|Any CPU = Release|Any CPU
	EndGlobalSection
	GlobalSection(ProjectConfigurationPlatforms) = postSolution
		{532414CD-E4B7-4D4C-8756-C0890C245451}.Debug|Any CPU.ActiveCfg = Debug|Any CPU
		{532414CD-E4B7-4D4C-8756-C0890C245451}.Debug|Any CPU.Build.0 = Debug|Any CPU
		{532414CD-E4B7-4D4C-8756-C0890C245451}.Release|Any CPU.ActiveCfg = Release|Any CPU
		{532414CD-E4B7-4D4C-8756-C0890C245451}.Release|Any CPU.Build.0 = Release|Any CPU
	EndGlobalSection
	GlobalSection(SolutionProperties) = preSolution
		HideSolutionNode = FALSE
	EndGlobalSection
	GlobalSection(ExtensibilityGlobals) = postSolution
		SolutionGuid = {E955D28B-CFD7-4D11-925B-8035921ECDDA}
	EndGlobalSection
EndGlobal
